
Microsoft Visual Studio Solution File, Format Version 11.00
# Visual Studio 2010
Project("{FAE04EC0-301F-11D3-BF4B-00C04F79EFBC}") = "HydraulicsService", "HydraulicsService\HydraulicsService.csproj", "{2518EC96-F25D-4B08-BCA5-14D04C731594}"
EndProject
Project("{FAE04EC0-301F-11D3-BF4B-00C04F79EFBC}") = "HydraulicsService.Tests", "TestHydraulicsService\HydraulicsService.Tests.csproj", "{9C617F37-5B06-4380-9AED-B3BCB41458DC}"
EndProject
Project("{2150E333-8FDC-42A3-9474-1A3956D46DE8}") = "Solution Items", "Solution Items", "{4C9BAF5D-43B5-4165-9B96-5BF859D75E23}"
	ProjectSection(SolutionItems) = preProject
		HydraulicsService.vsmdi = HydraulicsService.vsmdi
		Local.testsettings = Local.testsettings
		TraceAndTestImpact.testsettings = TraceAndTestImpact.testsettings
	EndProjectSection
EndProject
Project("{FAE04EC0-301F-11D3-BF4B-00C04F79EFBC}") = "HydraulicsWeb", "HydraulicsWeb\HydraulicsWeb.csproj", "{68D35CFF-0B6E-4FFF-A269-D20DAF157157}"
	ProjectSection(ProjectDependencies) = postProject
		{2518EC96-F25D-4B08-BCA5-14D04C731594} = {2518EC96-F25D-4B08-BCA5-14D04C731594}
	EndProjectSection
EndProject
Project("{FAE04EC0-301F-11D3-BF4B-00C04F79EFBC}") = "Hydraulics", "Hydraulics\Hydraulics.csproj", "{99BF4A52-DD8D-46F5-932A-A5D25D65A1C4}"
EndProject
Project("{FAE04EC0-301F-11D3-BF4B-00C04F79EFBC}") = "Hydraulics.Tests", "Hydraulics.Tests\Hydraulics.Tests.csproj", "{57D1139E-E8BF-406E-BFD6-78DBDCA0FB1F}"
EndProject
Global
	GlobalSection(TestCaseManagementSettings) = postSolution
		CategoryFile = HydraulicsService.vsmdi
	EndGlobalSection
	GlobalSection(SolutionConfigurationPlatforms) = preSolution
		Debug|Any CPU = Debug|Any CPU
		Release|Any CPU = Release|Any CPU
	EndGlobalSection
	GlobalSection(ProjectConfigurationPlatforms) = postSolution
		{2518EC96-F25D-4B08-BCA5-14D04C731594}.Debug|Any CPU.ActiveCfg = Debug|Any CPU
		{2518EC96-F25D-4B08-BCA5-14D04C731594}.Debug|Any CPU.Build.0 = Debug|Any CPU
		{2518EC96-F25D-4B08-BCA5-14D04C731594}.Release|Any CPU.ActiveCfg = Release|Any CPU
		{2518EC96-F25D-4B08-BCA5-14D04C731594}.Release|Any CPU.Build.0 = Release|Any CPU
		{9C617F37-5B06-4380-9AED-B3BCB41458DC}.Debug|Any CPU.ActiveCfg = Debug|Any CPU
		{9C617F37-5B06-4380-9AED-B3BCB41458DC}.Debug|Any CPU.Build.0 = Debug|Any CPU
		{9C617F37-5B06-4380-9AED-B3BCB41458DC}.Release|Any CPU.ActiveCfg = Release|Any CPU
		{9C617F37-5B06-4380-9AED-B3BCB41458DC}.Release|Any CPU.Build.0 = Release|Any CPU
		{68D35CFF-0B6E-4FFF-A269-D20DAF157157}.Debug|Any CPU.ActiveCfg = Debug|Any CPU
		{68D35CFF-0B6E-4FFF-A269-D20DAF157157}.Debug|Any CPU.Build.0 = Debug|Any CPU
		{68D35CFF-0B6E-4FFF-A269-D20DAF157157}.Release|Any CPU.ActiveCfg = Release|Any CPU
		{68D35CFF-0B6E-4FFF-A269-D20DAF157157}.Release|Any CPU.Build.0 = Release|Any CPU
		{99BF4A52-DD8D-46F5-932A-A5D25D65A1C4}.Debug|Any CPU.ActiveCfg = Debug|Any CPU
		{99BF4A52-DD8D-46F5-932A-A5D25D65A1C4}.Debug|Any CPU.Build.0 = Debug|Any CPU
		{99BF4A52-DD8D-46F5-932A-A5D25D65A1C4}.Release|Any CPU.ActiveCfg = Release|Any CPU
		{99BF4A52-DD8D-46F5-932A-A5D25D65A1C4}.Release|Any CPU.Build.0 = Release|Any CPU
		{57D1139E-E8BF-406E-BFD6-78DBDCA0FB1F}.Debug|Any CPU.ActiveCfg = Debug|Any CPU
		{57D1139E-E8BF-406E-BFD6-78DBDCA0FB1F}.Debug|Any CPU.Build.0 = Debug|Any CPU
		{57D1139E-E8BF-406E-BFD6-78DBDCA0FB1F}.Release|Any CPU.ActiveCfg = Release|Any CPU
		{57D1139E-E8BF-406E-BFD6-78DBDCA0FB1F}.Release|Any CPU.Build.0 = Release|Any CPU
	EndGlobalSection
	GlobalSection(SolutionProperties) = preSolution
		HideSolutionNode = FALSE
	EndGlobalSection
EndGlobal
